// !$*UTF8*$!
{
	archiveVersion = 1;
	classes = {
	};
	objectVersion = 46;
	objects = {

/* Begin PBXBuildFile section */
		477E75DE1A80B9350003F6BD /* AppDelegate.swift in Sources */ = {isa = PBXBuildFile; fileRef = 477E75DD1A80B9350003F6BD /* AppDelegate.swift */; };
		477E75E11A80B9350003F6BD /* TableViewDemo.xcdatamodeld in Sources */ = {isa = PBXBuildFile; fileRef = 477E75DF1A80B9350003F6BD /* TableViewDemo.xcdatamodeld */; };
		477E75E31A80B9350003F6BD /* ViewController.swift in Sources */ = {isa = PBXBuildFile; fileRef = 477E75E21A80B9350003F6BD /* ViewController.swift */; };
		477E75E61A80B9350003F6BD /* Main.storyboard in Resources */ = {isa = PBXBuildFile; fileRef = 477E75E41A80B9350003F6BD /* Main.storyboard */; };
		477E75E81A80B9350003F6BD /* Images.xcassets in Resources */ = {isa = PBXBuildFile; fileRef = 477E75E71A80B9350003F6BD /* Images.xcassets */; };
		477E75EB1A80B9350003F6BD /* LaunchScreen.xib in Resources */ = {isa = PBXBuildFile; fileRef = 477E75E91A80B9350003F6BD /* LaunchScreen.xib */; };
		477E75F71A80B9350003F6BD /* TableViewDemoTests.swift in Sources */ = {isa = PBXBuildFile; fileRef = 477E75F61A80B9350003F6BD /* TableViewDemoTests.swift */; };
		477E76011A80B94D0003F6BD /* RootViewController.swift in Sources */ = {isa = PBXBuildFile; fileRef = 477E76001A80B94D0003F6BD /* RootViewController.swift */; };
		477E76031A80BA2D0003F6BD /* UserModel.swift in Sources */ = {isa = PBXBuildFile; fileRef = 477E76021A80BA2D0003F6BD /* UserModel.swift */; };
		477E76051A80BAE90003F6BD /* UserInfoCell.swift in Sources */ = {isa = PBXBuildFile; fileRef = 477E76041A80BAE90003F6BD /* UserInfoCell.swift */; };
		477E76071A80C4A50003F6BD /* DetailViewController.swift in Sources */ = {isa = PBXBuildFile; fileRef = 477E76061A80C4A50003F6BD /* DetailViewController.swift */; };
/* End PBXBuildFile section */

/* Begin PBXContainerItemProxy section */
		477E75F11A80B9350003F6BD /* PBXContainerItemProxy */ = {
			isa = PBXContainerItemProxy;
			containerPortal = 477E75D01A80B9350003F6BD /* Project object */;
			proxyType = 1;
			remoteGlobalIDString = 477E75D71A80B9350003F6BD;
			remoteInfo = TableViewDemo;
		};
/* End PBXContainerItemProxy section */

/* Begin PBXFileReference section */
		477E75D81A80B9350003F6BD /* TableViewDemo.app */ = {isa = PBXFileReference; explicitFileType = wrapper.application; includeInIndex = 0; path = TableViewDemo.app; sourceTree = BUILT_PRODUCTS_DIR; };
		477E75DC1A80B9350003F6BD /* Info.plist */ = {isa = PBXFileReference; lastKnownFileType = text.plist.xml; path = Info.plist; sourceTree = "<group>"; };
		477E75DD1A80B9350003F6BD /* AppDelegate.swift */ = {isa = PBXFileReference; lastKnownFileType = sourcecode.swift; path = AppDelegate.swift; sourceTree = "<group>"; };
		477E75E01A80B9350003F6BD /* TableViewDemo.xcdatamodel */ = {isa = PBXFileReference; lastKnownFileType = wrapper.xcdatamodel; path = TableViewDemo.xcdatamodel; sourceTree = "<group>"; };
		477E75E21A80B9350003F6BD /* ViewController.swift */ = {isa = PBXFileReference; lastKnownFileType = sourcecode.swift; path = ViewController.swift; sourceTree = "<group>"; };
		477E75E51A80B9350003F6BD /* Base */ = {isa = PBXFileReference; lastKnownFileType = file.storyboard; name = Base; path = Base.lproj/Main.storyboard; sourceTree = "<group>"; };
		477E75E71A80B9350003F6BD /* Images.xcassets */ = {isa = PBXFileReference; lastKnownFileType = folder.assetcatalog; path = Images.xcassets; sourceTree = "<group>"; };
		477E75EA1A80B9350003F6BD /* Base */ = {isa = PBXFileReference; lastKnownFileType = file.xib; name = Base; path = Base.lproj/LaunchScreen.xib; sourceTree = "<group>"; };
		477E75F01A80B9350003F6BD /* TableViewDemoTests.xctest */ = {isa = PBXFileReference; explicitFileType = wrapper.cfbundle; includeInIndex = 0; path = TableViewDemoTests.xctest; sourceTree = BUILT_PRODUCTS_DIR; };
		477E75F51A80B9350003F6BD /* Info.plist */ = {isa = PBXFileReference; lastKnownFileType = text.plist.xml; path = Info.plist; sourceTree = "<group>"; };
		477E75F61A80B9350003F6BD /* TableViewDemoTests.swift */ = {isa = PBXFileReference; lastKnownFileType = sourcecode.swift; path = TableViewDemoTests.swift; sourceTree = "<group>"; };
		477E76001A80B94D0003F6BD /* RootViewController.swift */ = {isa = PBXFileReference; fileEncoding = 4; lastKnownFileType = sourcecode.swift; path = RootViewController.swift; sourceTree = "<group>"; };
		477E76021A80BA2D0003F6BD /* UserModel.swift */ = {isa = PBXFileReference; fileEncoding = 4; lastKnownFileType = sourcecode.swift; path = UserModel.swift; sourceTree = "<group>"; };
		477E76041A80BAE90003F6BD /* UserInfoCell.swift */ = {isa = PBXFileReference; fileEncoding = 4; lastKnownFileType = sourcecode.swift; path = UserInfoCell.swift; sourceTree = "<group>"; };
		477E76061A80C4A50003F6BD /* DetailViewController.swift */ = {isa = PBXFileReference; fileEncoding = 4; lastKnownFileType = sourcecode.swift; path = DetailViewController.swift; sourceTree = "<group>"; };
/* End PBXFileReference section */

/* Begin PBXFrameworksBuildPhase section */
		477E75D51A80B9350003F6BD /* Frameworks */ = {
			isa = PBXFrameworksBuildPhase;
			buildActionMask = 2147483647;
			files = (
			);
			runOnlyForDeploymentPostprocessing = 0;
		};
		477E75ED1A80B9350003F6BD /* Frameworks */ = {
			isa = PBXFrameworksBuildPhase;
			buildActionMask = 2147483647;
			files = (
			);
			runOnlyForDeploymentPostprocessing = 0;
		};
/* End PBXFrameworksBuildPhase section */

/* Begin PBXGroup section */
		477E75CF1A80B9350003F6BD = {
			isa = PBXGroup;
			children = (
				477E75DA1A80B9350003F6BD /* TableViewDemo */,
				477E75F31A80B9350003F6BD /* TableViewDemoTests */,
				477E75D91A80B9350003F6BD /* Products */,
			);
			sourceTree = "<group>";
		};
		477E75D91A80B9350003F6BD /* Products */ = {
			isa = PBXGroup;
			children = (
				477E75D81A80B9350003F6BD /* TableViewDemo.app */,
				477E75F01A80B9350003F6BD /* TableViewDemoTests.xctest */,
			);
			name = Products;
			sourceTree = "<group>";
		};
		477E75DA1A80B9350003F6BD /* TableViewDemo */ = {
			isa = PBXGroup;
			children = (
				477E75DD1A80B9350003F6BD /* AppDelegate.swift */,
				477E76021A80BA2D0003F6BD /* UserModel.swift */,
				477E76041A80BAE90003F6BD /* UserInfoCell.swift */,
				477E76001A80B94D0003F6BD /* RootViewController.swift */,
				477E75E21A80B9350003F6BD /* ViewController.swift */,
				477E75E41A80B9350003F6BD /* Main.storyboard */,
				477E75E71A80B9350003F6BD /* Images.xcassets */,
				477E75E91A80B9350003F6BD /* LaunchScreen.xib */,
				477E75DF1A80B9350003F6BD /* TableViewDemo.xcdatamodeld */,
				477E75DB1A80B9350003F6BD /* Supporting Files */,
				477E76061A80C4A50003F6BD /* DetailViewController.swift */,
			);
			path = TableViewDemo;
			sourceTree = "<group>";
		};
		477E75DB1A80B9350003F6BD /* Supporting Files */ = {
			isa = PBXGroup;
			children = (
				477E75DC1A80B9350003F6BD /* Info.plist */,
			);
			name = "Supporting Files";
			sourceTree = "<group>";
		};
		477E75F31A80B9350003F6BD /* TableViewDemoTests */ = {
			isa = PBXGroup;
			children = (
				477E75F61A80B9350003F6BD /* TableViewDemoTests.swift */,
				477E75F41A80B9350003F6BD /* Supporting Files */,
			);
			path = TableViewDemoTests;
			sourceTree = "<group>";
		};
		477E75F41A80B9350003F6BD /* Supporting Files */ = {
			isa = PBXGroup;
			children = (
				477E75F51A80B9350003F6BD /* Info.plist */,
			);
			name = "Supporting Files";
			sourceTree = "<group>";
		};
/* End PBXGroup section */

/* Begin PBXNativeTarget section */
		477E75D71A80B9350003F6BD /* TableViewDemo */ = {
			isa = PBXNativeTarget;
			buildConfigurationList = 477E75FA1A80B9350003F6BD /* Build configuration list for PBXNativeTarget "TableViewDemo" */;
			buildPhases = (
				477E75D41A80B9350003F6BD /* Sources */,
				477E75D51A80B9350003F6BD /* Frameworks */,
				477E75D61A80B9350003F6BD /* Resources */,
			);
			buildRules = (
			);
			dependencies = (
			);
			name = TableViewDemo;
			productName = TableViewDemo;
			productReference = 477E75D81A80B9350003F6BD /* TableViewDemo.app */;
			productType = "com.apple.product-type.application";
		};
		477E75EF1A80B9350003F6BD /* TableViewDemoTests */ = {
			isa = PBXNativeTarget;
			buildConfigurationList = 477E75FD1A80B9350003F6BD /* Build configuration list for PBXNativeTarget "TableViewDemoTests" */;
			buildPhases = (
				477E75EC1A80B9350003F6BD /* Sources */,
				477E75ED1A80B9350003F6BD /* Frameworks */,
				477E75EE1A80B9350003F6BD /* Resources */,
			);
			buildRules = (
			);
			dependencies = (
				477E75F21A80B9350003F6BD /* PBXTargetDependency */,
			);
			name = TableViewDemoTests;
			productName = TableViewDemoTests;
			productReference = 477E75F01A80B9350003F6BD /* TableViewDemoTests.xctest */;
			productType = "com.apple.product-type.bundle.unit-test";
		};
/* End PBXNativeTarget section */

/* Begin PBXProject section */
		477E75D01A80B9350003F6BD /* Project object */ = {
			isa = PBXProject;
			attributes = {
				LastUpgradeCheck = 0610;
				ORGANIZATIONNAME = "鐘紀偉";
				TargetAttributes = {
					477E75D71A80B9350003F6BD = {
						CreatedOnToolsVersion = 6.1.1;
					};
					477E75EF1A80B9350003F6BD = {
						CreatedOnToolsVersion = 6.1.1;
						TestTargetID = 477E75D71A80B9350003F6BD;
					};
				};
			};
			buildConfigurationList = 477E75D31A80B9350003F6BD /* Build configuration list for PBXProject "TableViewDemo" */;
			compatibilityVersion = "Xcode 3.2";
			developmentRegion = English;
			hasScannedForEncodings = 0;
			knownRegions = (
				en,
				Base,
			);
			mainGroup = 477E75CF1A80B9350003F6BD;
			productRefGroup = 477E75D91A80B9350003F6BD /* Products */;
			projectDirPath = "";
			projectRoot = "";
			targets = (
				477E75D71A80B9350003F6BD /* TableViewDemo */,
				477E75EF1A80B9350003F6BD /* TableViewDemoTests */,
			);
		};
/* End PBXProject section */

/* Begin PBXResourcesBuildPhase section */
		477E75D61A80B9350003F6BD /* Resources */ = {
			isa = PBXResourcesBuildPhase;
			buildActionMask = 2147483647;
			files = (
				477E75E61A80B9350003F6BD /* Main.storyboard in Resources */,
				477E75EB1A80B9350003F6BD /* LaunchScreen.xib in Resources */,
				477E75E81A80B9350003F6BD /* Images.xcassets in Resources */,
			);
			runOnlyForDeploymentPostprocessing = 0;
		};
		477E75EE1A80B9350003F6BD /* Resources */ = {
			isa = PBXResourcesBuildPhase;
			buildActionMask = 2147483647;
			files = (
			);
			runOnlyForDeploymentPostprocessing = 0;
		};
/* End PBXResourcesBuildPhase section */

/* Begin PBXSourcesBuildPhase section */
		477E75D41A80B9350003F6BD /* Sources */ = {
			isa = PBXSourcesBuildPhase;
			buildActionMask = 2147483647;
			files = (
				477E75E31A80B9350003F6BD /* ViewController.swift in Sources */,
				477E76051A80BAE90003F6BD /* UserInfoCell.swift in Sources */,
				477E75E11A80B9350003F6BD /* TableViewDemo.xcdatamodeld in Sources */,
				477E76011A80B94D0003F6BD /* RootViewController.swift in Sources */,
				477E76031A80BA2D0003F6BD /* UserModel.swift in Sources */,
				477E75DE1A80B9350003F6BD /* AppDelegate.swift in Sources */,
				477E76071A80C4A50003F6BD /* DetailViewController.swift in Sources */,
			);
			runOnlyForDeploymentPostprocessing = 0;
		};
		477E75EC1A80B9350003F6BD /* Sources */ = {
			isa = PBXSourcesBuildPhase;
			buildActionMask = 2147483647;
			files = (
				477E75F71A80B9350003F6BD /* TableViewDemoTests.swift in Sources */,
			);
			runOnlyForDeploymentPostprocessing = 0;
		};
/* End PBXSourcesBuildPhase section */

/* Begin PBXTargetDependency section */
		477E75F21A80B9350003F6BD /* PBXTargetDependency */ = {
			isa = PBXTargetDependency;
			target = 477E75D71A80B9350003F6BD /* TableViewDemo */;
			targetProxy = 477E75F11A80B9350003F6BD /* PBXContainerItemProxy */;
		};
/* End PBXTargetDependency section */

/* Begin PBXVariantGroup section */
		477E75E41A80B9350003F6BD /* Main.storyboard */ = {
			isa = PBXVariantGroup;
			children = (
				477E75E51A80B9350003F6BD /* Base */,
			);
			name = Main.storyboard;
			sourceTree = "<group>";
		};
		477E75E91A80B9350003F6BD /* LaunchScreen.xib */ = {
			isa = PBXVariantGroup;
			children = (
				477E75EA1A80B9350003F6BD /* Base */,
			);
			name = LaunchScreen.xib;
			sourceTree = "<group>";
		};
/* End PBXVariantGroup section */

/* Begin XCBuildConfiguration section */
		477E75F81A80B9350003F6BD /* Debug */ = {
			isa = XCBuildConfiguration;
			buildSettings = {
				ALWAYS_SEARCH_USER_PATHS = NO;
				CLANG_CXX_LANGUAGE_STANDARD = "gnu++0x";
				CLANG_CXX_LIBRARY = "libc++";
				CLANG_ENABLE_MODULES = YES;
				CLANG_ENABLE_OBJC_ARC = YES;
				CLANG_WARN_BOOL_CONVERSION = YES;
				CLANG_WARN_CONSTANT_CONVERSION = YES;
				CLANG_WARN_DIRECT_OBJC_ISA_USAGE = YES_ERROR;
				CLANG_WARN_EMPTY_BODY = YES;
				CLANG_WARN_ENUM_CONVERSION = YES;
				CLANG_WARN_INT_CONVERSION = YES;
				CLANG_WARN_OBJC_ROOT_CLASS = YES_ERROR;
				CLANG_WARN_UNREACHABLE_CODE = YES;
				CLANG_WARN__DUPLICATE_METHOD_MATCH = YES;
				"CODE_SIGN_IDENTITY[sdk=iphoneos*]" = "iPhone Developer";
				COPY_PHASE_STRIP = NO;
				ENABLE_STRICT_OBJC_MSGSEND = YES;
				GCC_C_LANGUAGE_STANDARD = gnu99;
				GCC_DYNAMIC_NO_PIC = NO;
				GCC_OPTIMIZATION_LEVEL = 0;
				GCC_PREPROCESSOR_DEFINITIONS = (
					"DEBUG=1",
					"$(inherited)",
				);
				GCC_SYMBOLS_PRIVATE_EXTERN = NO;
				GCC_WARN_64_TO_32_BIT_CONVERSION = YES;
				GCC_WARN_ABOUT_RETURN_TYPE = YES_ERROR;
				GCC_WARN_UNDECLARED_SELECTOR = YES;
				GCC_WARN_UNINITIALIZED_AUTOS = YES_AGGRESSIVE;
				GCC_WARN_UNUSED_FUNCTION = YES;
				GCC_WARN_UNUSED_VARIABLE = YES;
				IPHONEOS_DEPLOYMENT_TARGET = 8.1;
				MTL_ENABLE_DEBUG_INFO = YES;
				ONLY_ACTIVE_ARCH = YES;
				SDKROOT = iphoneos;
				SWIFT_OPTIMIZATION_LEVEL = "-Onone";
			};
			name = Debug;
		};
		477E75F91A80B9350003F6BD /* Release */ = {
			isa = XCBuildConfiguration;
			buildSettings = {
				ALWAYS_SEARCH_USER_PATHS = NO;
				CLANG_CXX_LANGUAGE_STANDARD = "gnu++0x";
				CLANG_CXX_LIBRARY = "libc++";
				CLANG_ENABLE_MODULES = YES;
				CLANG_ENABLE_OBJC_ARC = YES;
				CLANG_WARN_BOOL_CONVERSION = YES;
				CLANG_WARN_CONSTANT_CONVERSION = YES;
				CLANG_WARN_DIRECT_OBJC_ISA_USAGE = YES_ERROR;
				CLANG_WARN_EMPTY_BODY = YES;
				CLANG_WARN_ENUM_CONVERSION = YES;
				CLANG_WARN_INT_CONVERSION = YES;
				CLANG_WARN_OBJC_ROOT_CLASS = YES_ERROR;
				CLANG_WARN_UNREACHABLE_CODE = YES;
				CLANG_WARN__DUPLICATE_METHOD_MATCH = YES;
				"CODE_SIGN_IDENTITY[sdk=iphoneos*]" = "iPhone Developer";
				COPY_PHASE_STRIP = YES;
				ENABLE_NS_ASSERTIONS = NO;
				ENABLE_STRICT_OBJC_MSGSEND = YES;
				GCC_C_LANGUAGE_STANDARD = gnu99;
				GCC_WARN_64_TO_32_BIT_CONVERSION = YES;
				GCC_WARN_ABOUT_RETURN_TYPE = YES_ERROR;
				GCC_WARN_UNDECLARED_SELECTOR = YES;
				GCC_WARN_UNINITIALIZED_AUTOS = YES_AGGRESSIVE;
				GCC_WARN_UNUSED_FUNCTION = YES;
				GCC_WARN_UNUSED_VARIABLE = YES;
				IPHONEOS_DEPLOYMENT_TARGET = 8.1;
				MTL_ENABLE_DEBUG_INFO = NO;
				SDKROOT = iphoneos;
				VALIDATE_PRODUCT = YES;
			};
			name = Release;
		};
		477E75FB1A80B9350003F6BD /* Debug */ = {
			isa = XCBuildConfiguration;
			buildSettings = {
				ASSETCATALOG_COMPILER_APPICON_NAME = AppIcon;
				INFOPLIST_FILE = TableViewDemo/Info.plist;
				LD_RUNPATH_SEARCH_PATHS = "$(inherited) @executable_path/Frameworks";
				PRODUCT_NAME = "$(TARGET_NAME)";
			};
			name = Debug;
		};
		477E75FC1A80B9350003F6BD /* Release */ = {
			isa = XCBuildConfiguration;
			buildSettings = {
				ASSETCATALOG_COMPILER_APPICON_NAME = AppIcon;
				INFOPLIST_FILE = TableViewDemo/Info.plist;
				LD_RUNPATH_SEARCH_PATHS = "$(inherited) @executable_path/Frameworks";
				PRODUCT_NAME = "$(TARGET_NAME)";
			};
			name = Release;
		};
		477E75FE1A80B9350003F6BD /* Debug */ = {
			isa = XCBuildConfiguration;
			buildSettings = {
				BUNDLE_LOADER = "$(TEST_HOST)";
				FRAMEWORK_SEARCH_PATHS = (
					"$(SDKROOT)/Developer/Library/Frameworks",
					"$(inherited)",
				);
				GCC_PREPROCESSOR_DEFINITIONS = (
					"DEBUG=1",
					"$(inherited)",
				);
				INFOPLIST_FILE = TableViewDemoTests/Info.plist;
				LD_RUNPATH_SEARCH_PATHS = "$(inherited) @executable_path/Frameworks @loader_path/Frameworks";
				PRODUCT_NAME = "$(TARGET_NAME)";
				TEST_HOST = "$(BUILT_PRODUCTS_DIR)/TableViewDemo.app/TableViewDemo";
			};
			name = Debug;
		};
		477E75FF1A80B9350003F6BD /* Release */ = {
			isa = XCBuildConfiguration;
			buildSettings = {
				BUNDLE_LOADER = "$(TEST_HOST)";
				FRAMEWORK_SEARCH_PATHS = (
					"$(SDKROOT)/Developer/Library/Frameworks",
					"$(inherited)",
				);
				INFOPLIST_FILE = TableViewDemoTests/Info.plist;
				LD_RUNPATH_SEARCH_PATHS = "$(inherited) @executable_path/Frameworks @loader_path/Frameworks";
				PRODUCT_NAME = "$(TARGET_NAME)";
				TEST_HOST = "$(BUILT_PRODUCTS_DIR)/TableViewDemo.app/TableViewDemo";
			};
			name = Release;
		};
/* End XCBuildConfiguration section */

/* Begin XCConfigurationList section */
		477E75D31A80B9350003F6BD /* Build configuration list for PBXProject "TableViewDemo" */ = {
			isa = XCConfigurationList;
			buildConfigurations = (
				477E75F81A80B9350003F6BD /* Debug */,
				477E75F91A80B9350003F6BD /* Release */,
			);
			defaultConfigurationIsVisible = 0;
			defaultConfigurationName = Release;
		};
		477E75FA1A80B9350003F6BD /* Build configuration list for PBXNativeTarget "TableViewDemo" */ = {
			isa = XCConfigurationList;
			buildConfigurations = (
				477E75FB1A80B9350003F6BD /* Debug */,
				477E75FC1A80B9350003F6BD /* Release */,
			);
			defaultConfigurationIsVisible = 0;
		};
		477E75FD1A80B9350003F6BD /* Build configuration list for PBXNativeTarget "TableViewDemoTests" */ = {
			isa = XCConfigurationList;
			buildConfigurations = (
				477E75FE1A80B9350003F6BD /* Debug */,
				477E75FF1A80B9350003F6BD /* Release */,
			);
			defaultConfigurationIsVisible = 0;
		};
/* End XCConfigurationList section */

/* Begin XCVersionGroup section */
		477E75DF1A80B9350003F6BD /* TableViewDemo.xcdatamodeld */ = {
			isa = XCVersionGroup;
			children = (
				477E75E01A80B9350003F6BD /* TableViewDemo.xcdatamodel */,
			);
			currentVersion = 477E75E01A80B9350003F6BD /* TableViewDemo.xcdatamodel */;
			path = TableViewDemo.xcdatamodeld;
			sourceTree = "<group>";
			versionGroupType = wrapper.xcdatamodel;
		};
/* End XCVersionGroup section */
	};
	rootObject = 477E75D01A80B9350003F6BD /* Project object */;
}
